// !$*UTF8*$!
{
	archiveVersion = 1;
	classes = {
	};
	objectVersion = 46;
	objects = {

/* Begin PBXBuildFile section */
		145971461CC048CA00E15963 /* AppDelegate.swift in Sources */ = {isa = PBXBuildFile; fileRef = 145971451CC048CA00E15963 /* AppDelegate.swift */; };
		1459714B1CC048CA00E15963 /* Main.storyboard in Resources */ = {isa = PBXBuildFile; fileRef = 145971491CC048CA00E15963 /* Main.storyboard */; };
		1459714D1CC048CA00E15963 /* Assets.xcassets in Resources */ = {isa = PBXBuildFile; fileRef = 1459714C1CC048CA00E15963 /* Assets.xcassets */; };
		145971501CC048CA00E15963 /* LaunchScreen.storyboard in Resources */ = {isa = PBXBuildFile; fileRef = 1459714E1CC048CA00E15963 /* LaunchScreen.storyboard */; };
		145971581CC0497600E15963 /* CardsViewController.swift in Sources */ = {isa = PBXBuildFile; fileRef = 145971571CC0497600E15963 /* CardsViewController.swift */; };
		1459715A1CC0525100E15963 /* DraggableImageView.xib in Resources */ = {isa = PBXBuildFile; fileRef = 145971591CC0525100E15963 /* DraggableImageView.xib */; };
		1459715C1CC0528900E15963 /* DraggableImageView.swift in Sources */ = {isa = PBXBuildFile; fileRef = 1459715B1CC0528900E15963 /* DraggableImageView.swift */; };
/* End PBXBuildFile section */

/* Begin PBXFileReference section */
		145971421CC048CA00E15963 /* Tinder.app */ = {isa = PBXFileReference; explicitFileType = wrapper.application; includeInIndex = 0; path = Tinder.app; sourceTree = BUILT_PRODUCTS_DIR; };
		145971451CC048CA00E15963 /* AppDelegate.swift */ = {isa = PBXFileReference; lastKnownFileType = sourcecode.swift; path = AppDelegate.swift; sourceTree = "<group>"; };
		1459714A1CC048CA00E15963 /* Base */ = {isa = PBXFileReference; lastKnownFileType = file.storyboard; name = Base; path = Base.lproj/Main.storyboard; sourceTree = "<group>"; };
		1459714C1CC048CA00E15963 /* Assets.xcassets */ = {isa = PBXFileReference; lastKnownFileType = folder.assetcatalog; path = Assets.xcassets; sourceTree = "<group>"; };
		1459714F1CC048CA00E15963 /* Base */ = {isa = PBXFileReference; lastKnownFileType = file.storyboard; name = Base; path = Base.lproj/LaunchScreen.storyboard; sourceTree = "<group>"; };
		145971511CC048CA00E15963 /* Info.plist */ = {isa = PBXFileReference; lastKnownFileType = text.plist.xml; path = Info.plist; sourceTree = "<group>"; };
		145971571CC0497600E15963 /* CardsViewController.swift */ = {isa = PBXFileReference; fileEncoding = 4; lastKnownFileType = sourcecode.swift; path = CardsViewController.swift; sourceTree = "<group>"; };
		145971591CC0525100E15963 /* DraggableImageView.xib */ = {isa = PBXFileReference; fileEncoding = 4; lastKnownFileType = file.xib; path = DraggableImageView.xib; sourceTree = "<group>"; };
		1459715B1CC0528900E15963 /* DraggableImageView.swift */ = {isa = PBXFileReference; fileEncoding = 4; lastKnownFileType = sourcecode.swift; path = DraggableImageView.swift; sourceTree = "<group>"; };
/* End PBXFileReference section */

/* Begin PBXFrameworksBuildPhase section */
		1459713F1CC048CA00E15963 /* Frameworks */ = {
			isa = PBXFrameworksBuildPhase;
			buildActionMask = 2147483647;
			files = (
			);
			runOnlyForDeploymentPostprocessing = 0;
		};
/* End PBXFrameworksBuildPhase section */

/* Begin PBXGroup section */
		145971391CC048CA00E15963 = {
			isa = PBXGroup;
			children = (
				145971441CC048CA00E15963 /* Tinder */,
				145971431CC048CA00E15963 /* Products */,
			);
			sourceTree = "<group>";
		};
		145971431CC048CA00E15963 /* Products */ = {
			isa = PBXGroup;
			children = (
				145971421CC048CA00E15963 /* Tinder.app */,
			);
			name = Products;
			sourceTree = "<group>";
		};
		145971441CC048CA00E15963 /* Tinder */ = {
			isa = PBXGroup;
			children = (
				145971451CC048CA00E15963 /* AppDelegate.swift */,
				145971491CC048CA00E15963 /* Main.storyboard */,
				1459714C1CC048CA00E15963 /* Assets.xcassets */,
				1459714E1CC048CA00E15963 /* LaunchScreen.storyboard */,
				145971511CC048CA00E15963 /* Info.plist */,
				145971571CC0497600E15963 /* CardsViewController.swift */,
				145971591CC0525100E15963 /* DraggableImageView.xib */,
				1459715B1CC0528900E15963 /* DraggableImageView.swift */,
			);
			path = Tinder;
			sourceTree = "<group>";
		};
/* End PBXGroup section */

/* Begin PBXNativeTarget section */
		145971411CC048CA00E15963 /* Tinder */ = {
			isa = PBXNativeTarget;
			buildConfigurationList = 145971541CC048CA00E15963 /* Build configuration list for PBXNativeTarget "Tinder" */;
			buildPhases = (
				1459713E1CC048CA00E15963 /* Sources */,
				1459713F1CC048CA00E15963 /* Frameworks */,
				145971401CC048CA00E15963 /* Resources */,
			);
			buildRules = (
			);
			dependencies = (
			);
			name = Tinder;
			productName = Tinder;
			productReference = 145971421CC048CA00E15963 /* Tinder.app */;
			productType = "com.apple.product-type.application";
		};
/* End PBXNativeTarget section */

/* Begin PBXProject section */
		1459713A1CC048CA00E15963 /* Project object */ = {
			isa = PBXProject;
			attributes = {
				LastSwiftUpdateCheck = 0720;
				LastUpgradeCheck = 0720;
				ORGANIZATIONNAME = "Xiaofei Long";
				TargetAttributes = {
					145971411CC048CA00E15963 = {
						CreatedOnToolsVersion = 7.2;
						DevelopmentTeam = FEKGUE2A22;
					};
				};
			};
			buildConfigurationList = 1459713D1CC048CA00E15963 /* Build configuration list for PBXProject "Tinder" */;
			compatibilityVersion = "Xcode 3.2";
			developmentRegion = English;
			hasScannedForEncodings = 0;
			knownRegions = (
				en,
				Base,
			);
			mainGroup = 145971391CC048CA00E15963;
			productRefGroup = 145971431CC048CA00E15963 /* Products */;
			projectDirPath = "";
			projectRoot = "";
			targets = (
				145971411CC048CA00E15963 /* Tinder */,
			);
		};
/* End PBXProject section */

/* Begin PBXResourcesBuildPhase section */
		145971401CC048CA00E15963 /* Resources */ = {
			isa = PBXResourcesBuildPhase;
			buildActionMask = 2147483647;
			files = (
				145971501CC048CA00E15963 /* LaunchScreen.storyboard in Resources */,
				1459714D1CC048CA00E15963 /* Assets.xcassets in Resources */,
				1459715A1CC0525100E15963 /* DraggableImageView.xib in Resources */,
				1459714B1CC048CA00E15963 /* Main.storyboard in Resources */,
			);
			runOnlyForDeploymentPostprocessing = 0;
		};
/* End PBXResourcesBuildPhase section */

/* Begin PBXSourcesBuildPhase section */
		1459713E1CC048CA00E15963 /* Sources */ = {
			isa = PBXSourcesBuildPhase;
			buildActionMask = 2147483647;
			files = (
				145971581CC0497600E15963 /* CardsViewController.swift in Sources */,
				1459715C1CC0528900E15963 /* DraggableImageView.swift in Sources */,
				145971461CC048CA00E15963 /* AppDelegate.swift in Sources */,
			);
			runOnlyForDeploymentPostprocessing = 0;
		};
/* End PBXSourcesBuildPhase section */

/* Begin PBXVariantGroup section */
		145971491CC048CA00E15963 /* Main.storyboard */ = {
			isa = PBXVariantGroup;
			children = (
				1459714A1CC048CA00E15963 /* Base */,
			);
			name = Main.storyboard;
			sourceTree = "<group>";
		};
		1459714E1CC048CA00E15963 /* LaunchScreen.storyboard */ = {
			isa = PBXVariantGroup;
			children = (
				1459714F1CC048CA00E15963 /* Base */,
			);
			name = LaunchScreen.storyboard;
			sourceTree = "<group>";
		};
/* End PBXVariantGroup section */

/* Begin XCBuildConfiguration section */
		145971521CC048CA00E15963 /* Debug */ = {
			isa = XCBuildConfiguration;
			buildSettings = {
				ALWAYS_SEARCH_USER_PATHS = NO;
				CLANG_CXX_LANGUAGE_STANDARD = "gnu++0x";
				CLANG_CXX_LIBRARY = "libc++";
				CLANG_ENABLE_MODULES = YES;
				CLANG_ENABLE_OBJC_ARC = YES;
				CLANG_WARN_BOOL_CONVERSION = YES;
				CLANG_WARN_CONSTANT_CONVERSION = YES;
				CLANG_WARN_DIRECT_OBJC_ISA_USAGE = YES_ERROR;
				CLANG_WARN_EMPTY_BODY = YES;
				CLANG_WARN_ENUM_CONVERSION = YES;
				CLANG_WARN_INT_CONVERSION = YES;
				CLANG_WARN_OBJC_ROOT_CLASS = YES_ERROR;
				CLANG_WARN_UNREACHABLE_CODE = YES;
				CLANG_WARN__DUPLICATE_METHOD_MATCH = YES;
				"CODE_SIGN_IDENTITY[sdk=iphoneos*]" = "iPhone Developer";
				COPY_PHASE_STRIP = NO;
				DEBUG_INFORMATION_FORMAT = dwarf;
				ENABLE_STRICT_OBJC_MSGSEND = YES;
				ENABLE_TESTABILITY = YES;
				GCC_C_LANGUAGE_STANDARD = gnu99;
				GCC_DYNAMIC_NO_PIC = NO;
				GCC_NO_COMMON_BLOCKS = YES;
				GCC_OPTIMIZATION_LEVEL = 0;
				GCC_PREPROCESSOR_DEFINITIONS = (
					"DEBUG=1",
					"$(inherited)",
				);
				GCC_WARN_64_TO_32_BIT_CONVERSION = YES;
				GCC_WARN_ABOUT_RETURN_TYPE = YES_ERROR;
				GCC_WARN_UNDECLARED_SELECTOR = YES;
				GCC_WARN_UNINITIALIZED_AUTOS = YES_AGGRESSIVE;
				GCC_WARN_UNUSED_FUNCTION = YES;
				GCC_WARN_UNUSED_VARIABLE = YES;
				IPHONEOS_DEPLOYMENT_TARGET = 9.2;
				MTL_ENABLE_DEBUG_INFO = YES;
				ONLY_ACTIVE_ARCH = YES;
				SDKROOT = iphoneos;
				SWIFT_OPTIMIZATION_LEVEL = "-Onone";
				TARGETED_DEVICE_FAMILY = "1,2";
			};
			name = Debug;
		};
		145971531CC048CA00E15963 /* Release */ = {
			isa = XCBuildConfiguration;
			buildSettings = {
				ALWAYS_SEARCH_USER_PATHS = NO;
				CLANG_CXX_LANGUAGE_STANDARD = "gnu++0x";
				CLANG_CXX_LIBRARY = "libc++";
				CLANG_ENABLE_MODULES = YES;
				CLANG_ENABLE_OBJC_ARC = YES;
				CLANG_WARN_BOOL_CONVERSION = YES;
				CLANG_WARN_CONSTANT_CONVERSION = YES;
				CLANG_WARN_DIRECT_OBJC_ISA_USAGE = YES_ERROR;
				CLANG_WARN_EMPTY_BODY = YES;
				CLANG_WARN_ENUM_CONVERSION = YES;
				CLANG_WARN_INT_CONVERSION = YES;
				CLANG_WARN_OBJC_ROOT_CLASS = YES_ERROR;
				CLANG_WARN_UNREACHABLE_CODE = YES;
				CLANG_WARN__DUPLICATE_METHOD_MATCH = YES;
				"CODE_SIGN_IDENTITY[sdk=iphoneos*]" = "iPhone Developer";
				COPY_PHASE_STRIP = NO;
				DEBUG_INFORMATION_FORMAT = "dwarf-with-dsym";
				ENABLE_NS_ASSERTIONS = NO;
				ENABLE_STRICT_OBJC_MSGSEND = YES;
				GCC_C_LANGUAGE_STANDARD = gnu99;
				GCC_NO_COMMON_BLOCKS = YES;
				GCC_WARN_64_TO_32_BIT_CONVERSION = YES;
				GCC_WARN_ABOUT_RETURN_TYPE = YES_ERROR;
				GCC_WARN_UNDECLARED_SELECTOR = YES;
				GCC_WARN_UNINITIALIZED_AUTOS = YES_AGGRESSIVE;
				GCC_WARN_UNUSED_FUNCTION = YES;
				GCC_WARN_UNUSED_VARIABLE = YES;
				IPHONEOS_DEPLOYMENT_TARGET = 9.2;
				MTL_ENABLE_DEBUG_INFO = NO;
				SDKROOT = iphoneos;
				TARGETED_DEVICE_FAMILY = "1,2";
				VALIDATE_PRODUCT = YES;
			};
			name = Release;
		};
		145971551CC048CA00E15963 /* Debug */ = {
			isa = XCBuildConfiguration;
			buildSettings = {
				ASSETCATALOG_COMPILER_APPICON_NAME = AppIcon;
				INFOPLIST_FILE = Tinder/Info.plist;
				LD_RUNPATH_SEARCH_PATHS = "$(inherited) @executable_path/Frameworks";
				PRODUCT_BUNDLE_IDENTIFIER = com.dreloong.Tinder;
				PRODUCT_NAME = "$(TARGET_NAME)";
			};
			name = Debug;
		};
		145971561CC048CA00E15963 /* Release */ = {
			isa = XCBuildConfiguration;
			buildSettings = {
				ASSETCATALOG_COMPILER_APPICON_NAME = AppIcon;
				INFOPLIST_FILE = Tinder/Info.plist;
				LD_RUNPATH_SEARCH_PATHS = "$(inherited) @executable_path/Frameworks";
				PRODUCT_BUNDLE_IDENTIFIER = com.dreloong.Tinder;
				PRODUCT_NAME = "$(TARGET_NAME)";
			};
			name = Release;
		};
/* End XCBuildConfiguration section */

/* Begin XCConfigurationList section */
		1459713D1CC048CA00E15963 /* Build configuration list for PBXProject "Tinder" */ = {
			isa = XCConfigurationList;
			buildConfigurations = (
				145971521CC048CA00E15963 /* Debug */,
				145971531CC048CA00E15963 /* Release */,
			);
			defaultConfigurationIsVisible = 0;
			defaultConfigurationName = Release;
		};
		145971541CC048CA00E15963 /* Build configuration list for PBXNativeTarget "Tinder" */ = {
			isa = XCConfigurationList;
			buildConfigurations = (
				145971551CC048CA00E15963 /* Debug */,
				145971561CC048CA00E15963 /* Release */,
			);
			defaultConfigurationIsVisible = 0;
		};
/* End XCConfigurationList section */
	};
	rootObject = 1459713A1CC048CA00E15963 /* Project object */;
}
